<?xml version="1.0" encoding="utf-8"?>
<Project ToolsVersion="4.0" xmlns="http://schemas.microsoft.com/developer/msbuild/2003">
  <ItemGroup>
    <Filter Include="Pliki źródłowe">
      <UniqueIdentifier>{4FC737F1-C7A5-4376-A066-2A32D752A2FF}</UniqueIdentifier>
      <Extensions>cpp;c;cc;cxx;c++;cppm;ixx;def;odl;idl;hpj;bat;asm;asmx</Extensions>
    </Filter>
    <Filter Include="Pliki nagłówkowe">
      <UniqueIdentifier>{93995380-89BD-4b04-88EB-625FBE52EBFB}</UniqueIdentifier>
      <Extensions>h;hh;hpp;hxx;h++;hm;inl;inc;ipp;xsd</Extensions>
    </Filter>
    <Filter Include="Pliki zasobów">
      <UniqueIdentifier>{67DA6AB6-F800-4c08-8B7A-83BB121AAD01}</UniqueIdentifier>
      <Extensions>rc;ico;cur;bmp;dlg;rc2;rct;bin;rgs;gif;jpg;jpeg;jpe;resx;tiff;tif;png;wav;mfcribbon-ms</Extensions>
    </Filter>
    <Filter Include="Pliki nagłówkowe\Game">
      <UniqueIdentifier>{2606f04e-b366-42ca-b9e5-34b849977c40}</UniqueIdentifier>
    </Filter>
    <Filter Include="Pliki nagłówkowe\Game\World">
      <UniqueIdentifier>{d606d850-b19b-4f02-9199-955a626dce9f}</UniqueIdentifier>
    </Filter>
    <Filter Include="Pliki nagłówkowe\Game\World\Organisms">
      <UniqueIdentifier>{c4544a4f-3bf4-4ccf-9bea-6be8510d7ee7}</UniqueIdentifier>
    </Filter>
    <Filter Include="Pliki nagłówkowe\Game\World\Organisms\Animals">
      <UniqueIdentifier>{e9702d3f-9a61-4e1b-abab-27928ff8d51f}</UniqueIdentifier>
    </Filter>
    <Filter Include="Pliki nagłówkowe\Game\World\Organisms\Plants">
      <UniqueIdentifier>{a7aa70fa-39c4-4043-8c09-c8c8f65a21c7}</UniqueIdentifier>
    </Filter>
    <Filter Include="Pliki źródłowe\Game">
      <UniqueIdentifier>{f13c7f12-b958-41bd-8fb7-81a33a008e7d}</UniqueIdentifier>
    </Filter>
    <Filter Include="Pliki źródłowe\Game\Organism">
      <UniqueIdentifier>{b854c89a-b05a-46c8-9e58-2b97e737c8c1}</UniqueIdentifier>
    </Filter>
    <Filter Include="Pliki źródłowe\Game\Organism\Animal">
      <UniqueIdentifier>{6d06490a-1e66-49d9-a91d-22a885feff83}</UniqueIdentifier>
    </Filter>
    <Filter Include="Pliki źródłowe\Game\Organism\Plant">
      <UniqueIdentifier>{ee881074-c8da-426f-930d-2a97fa901b0d}</UniqueIdentifier>
    </Filter>
  </ItemGroup>
  <ItemGroup>
    <ClCompile Include="Sheep.cpp">
      <Filter>Pliki źródłowe\Game\Organism\Animal</Filter>
    </ClCompile>
    <ClCompile Include="Turtle.cpp">
      <Filter>Pliki źródłowe\Game\Organism\Animal</Filter>
    </ClCompile>
    <ClCompile Include="Wolf.cpp">
      <Filter>Pliki źródłowe\Game\Organism\Animal</Filter>
    </ClCompile>
    <ClCompile Include="Animal.cpp">
      <Filter>Pliki źródłowe\Game\Organism\Animal</Filter>
    </ClCompile>
    <ClCompile Include="Antelope.cpp">
      <Filter>Pliki źródłowe\Game\Organism\Animal</Filter>
    </ClCompile>
    <ClCompile Include="Fox.cpp">
      <Filter>Pliki źródłowe\Game\Organism\Animal</Filter>
    </ClCompile>
    <ClCompile Include="Human.cpp">
      <Filter>Pliki źródłowe\Game\Organism\Animal</Filter>
    </ClCompile>
    <ClCompile Include="Dandelion.cpp">
      <Filter>Pliki źródłowe\Game\Organism\Plant</Filter>
    </ClCompile>
    <ClCompile Include="Grass.cpp">
      <Filter>Pliki źródłowe\Game\Organism\Plant</Filter>
    </ClCompile>
    <ClCompile Include="Guarana.cpp">
      <Filter>Pliki źródłowe\Game\Organism\Plant</Filter>
    </ClCompile>
    <ClCompile Include="Nightshade.cpp">
      <Filter>Pliki źródłowe\Game\Organism\Plant</Filter>
    </ClCompile>
    <ClCompile Include="Plant.cpp">
      <Filter>Pliki źródłowe\Game\Organism\Plant</Filter>
    </ClCompile>
    <ClCompile Include="Organism.cpp">
      <Filter>Pliki źródłowe\Game\Organism</Filter>
    </ClCompile>
    <ClCompile Include="World.cpp">
      <Filter>Pliki źródłowe\Game</Filter>
    </ClCompile>
    <ClCompile Include="GameFunctions.cpp">
      <Filter>Pliki źródłowe\Game</Filter>
    </ClCompile>
    <ClCompile Include="main.cpp">
      <Filter>Pliki źródłowe\Game</Filter>
    </ClCompile>
    <ClCompile Include="Borscht.cpp">
      <Filter>Pliki źródłowe\Game\Organism\Plant</Filter>
    </ClCompile>
  </ItemGroup>
  <ItemGroup>
    <ClInclude Include="Animal.h">
      <Filter>Pliki nagłówkowe\Game\World\Organisms\Animals</Filter>
    </ClInclude>
    <ClInclude Include="Antelope.h">
      <Filter>Pliki nagłówkowe\Game\World\Organisms\Animals</Filter>
    </ClInclude>
    <ClInclude Include="Fox.h">
      <Filter>Pliki nagłówkowe\Game\World\Organisms\Animals</Filter>
    </ClInclude>
    <ClInclude Include="Sheep.h">
      <Filter>Pliki nagłówkowe\Game\World\Organisms\Animals</Filter>
    </ClInclude>
    <ClInclude Include="Turtle.h">
      <Filter>Pliki nagłówkowe\Game\World\Organisms\Animals</Filter>
    </ClInclude>
    <ClInclude Include="Wolf.h">
      <Filter>Pliki nagłówkowe\Game\World\Organisms\Animals</Filter>
    </ClInclude>
    <ClInclude Include="Organism.h">
      <Filter>Pliki nagłówkowe\Game\World\Organisms</Filter>
    </ClInclude>
    <ClInclude Include="Plant.h">
      <Filter>Pliki nagłówkowe\Game\World\Organisms\Plants</Filter>
    </ClInclude>
    <ClInclude Include="Grass.h">
      <Filter>Pliki nagłówkowe\Game\World\Organisms\Plants</Filter>
    </ClInclude>
    <ClInclude Include="Definitions.h">
      <Filter>Pliki nagłówkowe\Game</Filter>
    </ClInclude>
    <ClInclude Include="GameFunctions.h">
      <Filter>Pliki nagłówkowe\Game</Filter>
    </ClInclude>
    <ClInclude Include="World.h">
      <Filter>Pliki nagłówkowe\Game\World</Filter>
    </ClInclude>
    <ClInclude Include="Human.h">
      <Filter>Pliki nagłówkowe\Game\World\Organisms\Animals</Filter>
    </ClInclude>
    <ClInclude Include="Dandelion.h">
      <Filter>Pliki nagłówkowe\Game\World\Organisms\Plants</Filter>
    </ClInclude>
    <ClInclude Include="Guarana.h">
      <Filter>Pliki nagłówkowe\Game\World\Organisms\Plants</Filter>
    </ClInclude>
    <ClInclude Include="Nightshade.h">
      <Filter>Pliki nagłówkowe\Game\World\Organisms\Plants</Filter>
    </ClInclude>
    <ClInclude Include="Borscht.h">
      <Filter>Pliki nagłówkowe\Game\World\Organisms\Plants</Filter>
    </ClInclude>
  </ItemGroup>
</Project>